// !$*UTF8*$!
{
	archiveVersion = 1;
	classes = {
	};
	objectVersion = 55;
	objects = {

/* Begin PBXBuildFile section */
		64D044D9275DCE7F007540C4 /* slots_challengeApp.swift in Sources */ = {isa = PBXBuildFile; fileRef = 64D044D8275DCE7F007540C4 /* slots_challengeApp.swift */; };
		64D044DB275DCE7F007540C4 /* ContentView.swift in Sources */ = {isa = PBXBuildFile; fileRef = 64D044DA275DCE7F007540C4 /* ContentView.swift */; };
		64D044DD275DCE82007540C4 /* Assets.xcassets in Resources */ = {isa = PBXBuildFile; fileRef = 64D044DC275DCE82007540C4 /* Assets.xcassets */; };
		64D044E0275DCE82007540C4 /* Preview Assets.xcassets in Resources */ = {isa = PBXBuildFile; fileRef = 64D044DF275DCE82007540C4 /* Preview Assets.xcassets */; };
		64D044EA275DCE83007540C4 /* slots_challengeTests.swift in Sources */ = {isa = PBXBuildFile; fileRef = 64D044E9275DCE83007540C4 /* slots_challengeTests.swift */; };
		64D044F4275DCE83007540C4 /* slots_challengeUITests.swift in Sources */ = {isa = PBXBuildFile; fileRef = 64D044F3275DCE83007540C4 /* slots_challengeUITests.swift */; };
		64D044F6275DCE83007540C4 /* slots_challengeUITestsLaunchTests.swift in Sources */ = {isa = PBXBuildFile; fileRef = 64D044F5275DCE83007540C4 /* slots_challengeUITestsLaunchTests.swift */; };
/* End PBXBuildFile section */

/* Begin PBXContainerItemProxy section */
		64D044E6275DCE83007540C4 /* PBXContainerItemProxy */ = {
			isa = PBXContainerItemProxy;
			containerPortal = 64D044CD275DCE7F007540C4 /* Project object */;
			proxyType = 1;
			remoteGlobalIDString = 64D044D4275DCE7F007540C4;
			remoteInfo = "slots-challenge";
		};
		64D044F0275DCE83007540C4 /* PBXContainerItemProxy */ = {
			isa = PBXContainerItemProxy;
			containerPortal = 64D044CD275DCE7F007540C4 /* Project object */;
			proxyType = 1;
			remoteGlobalIDString = 64D044D4275DCE7F007540C4;
			remoteInfo = "slots-challenge";
		};
/* End PBXContainerItemProxy section */

/* Begin PBXFileReference section */
		64D044D5275DCE7F007540C4 /* slots-challenge.app */ = {isa = PBXFileReference; explicitFileType = wrapper.application; includeInIndex = 0; path = "slots-challenge.app"; sourceTree = BUILT_PRODUCTS_DIR; };
		64D044D8275DCE7F007540C4 /* slots_challengeApp.swift */ = {isa = PBXFileReference; lastKnownFileType = sourcecode.swift; path = slots_challengeApp.swift; sourceTree = "<group>"; };
		64D044DA275DCE7F007540C4 /* ContentView.swift */ = {isa = PBXFileReference; lastKnownFileType = sourcecode.swift; path = ContentView.swift; sourceTree = "<group>"; };
		64D044DC275DCE82007540C4 /* Assets.xcassets */ = {isa = PBXFileReference; lastKnownFileType = folder.assetcatalog; path = Assets.xcassets; sourceTree = "<group>"; };
		64D044DF275DCE82007540C4 /* Preview Assets.xcassets */ = {isa = PBXFileReference; lastKnownFileType = folder.assetcatalog; path = "Preview Assets.xcassets"; sourceTree = "<group>"; };
		64D044E5275DCE83007540C4 /* slots-challengeTests.xctest */ = {isa = PBXFileReference; explicitFileType = wrapper.cfbundle; includeInIndex = 0; path = "slots-challengeTests.xctest"; sourceTree = BUILT_PRODUCTS_DIR; };
		64D044E9275DCE83007540C4 /* slots_challengeTests.swift */ = {isa = PBXFileReference; lastKnownFileType = sourcecode.swift; path = slots_challengeTests.swift; sourceTree = "<group>"; };
		64D044EF275DCE83007540C4 /* slots-challengeUITests.xctest */ = {isa = PBXFileReference; explicitFileType = wrapper.cfbundle; includeInIndex = 0; path = "slots-challengeUITests.xctest"; sourceTree = BUILT_PRODUCTS_DIR; };
		64D044F3275DCE83007540C4 /* slots_challengeUITests.swift */ = {isa = PBXFileReference; lastKnownFileType = sourcecode.swift; path = slots_challengeUITests.swift; sourceTree = "<group>"; };
		64D044F5275DCE83007540C4 /* slots_challengeUITestsLaunchTests.swift */ = {isa = PBXFileReference; lastKnownFileType = sourcecode.swift; path = slots_challengeUITestsLaunchTests.swift; sourceTree = "<group>"; };
/* End PBXFileReference section */

/* Begin PBXFrameworksBuildPhase section */
		64D044D2275DCE7F007540C4 /* Frameworks */ = {
			isa = PBXFrameworksBuildPhase;
			buildActionMask = 2147483647;
			files = (
			);
			runOnlyForDeploymentPostprocessing = 0;
		};
		64D044E2275DCE83007540C4 /* Frameworks */ = {
			isa = PBXFrameworksBuildPhase;
			buildActionMask = 2147483647;
			files = (
			);
			runOnlyForDeploymentPostprocessing = 0;
		};
		64D044EC275DCE83007540C4 /* Frameworks */ = {
			isa = PBXFrameworksBuildPhase;
			buildActionMask = 2147483647;
			files = (
			);
			runOnlyForDeploymentPostprocessing = 0;
		};
/* End PBXFrameworksBuildPhase section */

/* Begin PBXGroup section */
		64D044CC275DCE7F007540C4 = {
			isa = PBXGroup;
			children = (
				64D044D7275DCE7F007540C4 /* slots-challenge */,
				64D044E8275DCE83007540C4 /* slots-challengeTests */,
				64D044F2275DCE83007540C4 /* slots-challengeUITests */,
				64D044D6275DCE7F007540C4 /* Products */,
			);
			sourceTree = "<group>";
		};
		64D044D6275DCE7F007540C4 /* Products */ = {
			isa = PBXGroup;
			children = (
				64D044D5275DCE7F007540C4 /* slots-challenge.app */,
				64D044E5275DCE83007540C4 /* slots-challengeTests.xctest */,
				64D044EF275DCE83007540C4 /* slots-challengeUITests.xctest */,
			);
			name = Products;
			sourceTree = "<group>";
		};
		64D044D7275DCE7F007540C4 /* slots-challenge */ = {
			isa = PBXGroup;
			children = (
				64D044D8275DCE7F007540C4 /* slots_challengeApp.swift */,
				64D044DA275DCE7F007540C4 /* ContentView.swift */,
				64D044DC275DCE82007540C4 /* Assets.xcassets */,
				64D044DE275DCE82007540C4 /* Preview Content */,
			);
			path = "slots-challenge";
			sourceTree = "<group>";
		};
		64D044DE275DCE82007540C4 /* Preview Content */ = {
			isa = PBXGroup;
			children = (
				64D044DF275DCE82007540C4 /* Preview Assets.xcassets */,
			);
			path = "Preview Content";
			sourceTree = "<group>";
		};
		64D044E8275DCE83007540C4 /* slots-challengeTests */ = {
			isa = PBXGroup;
			children = (
				64D044E9275DCE83007540C4 /* slots_challengeTests.swift */,
			);
			path = "slots-challengeTests";
			sourceTree = "<group>";
		};
		64D044F2275DCE83007540C4 /* slots-challengeUITests */ = {
			isa = PBXGroup;
			children = (
				64D044F3275DCE83007540C4 /* slots_challengeUITests.swift */,
				64D044F5275DCE83007540C4 /* slots_challengeUITestsLaunchTests.swift */,
			);
			path = "slots-challengeUITests";
			sourceTree = "<group>";
		};
/* End PBXGroup section */

/* Begin PBXNativeTarget section */
		64D044D4275DCE7F007540C4 /* slots-challenge */ = {
			isa = PBXNativeTarget;
			buildConfigurationList = 64D044F9275DCE83007540C4 /* Build configuration list for PBXNativeTarget "slots-challenge" */;
			buildPhases = (
				64D044D1275DCE7F007540C4 /* Sources */,
				64D044D2275DCE7F007540C4 /* Frameworks */,
				64D044D3275DCE7F007540C4 /* Resources */,
			);
			buildRules = (
			);
			dependencies = (
			);
			name = "slots-challenge";
			productName = "slots-challenge";
			productReference = 64D044D5275DCE7F007540C4 /* slots-challenge.app */;
			productType = "com.apple.product-type.application";
		};
		64D044E4275DCE83007540C4 /* slots-challengeTests */ = {
			isa = PBXNativeTarget;
			buildConfigurationList = 64D044FC275DCE83007540C4 /* Build configuration list for PBXNativeTarget "slots-challengeTests" */;
			buildPhases = (
				64D044E1275DCE83007540C4 /* Sources */,
				64D044E2275DCE83007540C4 /* Frameworks */,
				64D044E3275DCE83007540C4 /* Resources */,
			);
			buildRules = (
			);
			dependencies = (
				64D044E7275DCE83007540C4 /* PBXTargetDependency */,
			);
			name = "slots-challengeTests";
			productName = "slots-challengeTests";
			productReference = 64D044E5275DCE83007540C4 /* slots-challengeTests.xctest */;
			productType = "com.apple.product-type.bundle.unit-test";
		};
		64D044EE275DCE83007540C4 /* slots-challengeUITests */ = {
			isa = PBXNativeTarget;
			buildConfigurationList = 64D044FF275DCE83007540C4 /* Build configuration list for PBXNativeTarget "slots-challengeUITests" */;
			buildPhases = (
				64D044EB275DCE83007540C4 /* Sources */,
				64D044EC275DCE83007540C4 /* Frameworks */,
				64D044ED275DCE83007540C4 /* Resources */,
			);
			buildRules = (
			);
			dependencies = (
				64D044F1275DCE83007540C4 /* PBXTargetDependency */,
			);
			name = "slots-challengeUITests";
			productName = "slots-challengeUITests";
			productReference = 64D044EF275DCE83007540C4 /* slots-challengeUITests.xctest */;
			productType = "com.apple.product-type.bundle.ui-testing";
		};
/* End PBXNativeTarget section */

/* Begin PBXProject section */
		64D044CD275DCE7F007540C4 /* Project object */ = {
			isa = PBXProject;
			attributes = {
				BuildIndependentTargetsInParallel = 1;
				LastSwiftUpdateCheck = 1310;
				LastUpgradeCheck = 1310;
				TargetAttributes = {
					64D044D4275DCE7F007540C4 = {
						CreatedOnToolsVersion = 13.1;
					};
					64D044E4275DCE83007540C4 = {
						CreatedOnToolsVersion = 13.1;
						TestTargetID = 64D044D4275DCE7F007540C4;
					};
					64D044EE275DCE83007540C4 = {
						CreatedOnToolsVersion = 13.1;
						TestTargetID = 64D044D4275DCE7F007540C4;
					};
				};
			};
			buildConfigurationList = 64D044D0275DCE7F007540C4 /* Build configuration list for PBXProject "slots-challenge" */;
			compatibilityVersion = "Xcode 13.0";
			developmentRegion = en;
			hasScannedForEncodings = 0;
			knownRegions = (
				en,
				Base,
			);
			mainGroup = 64D044CC275DCE7F007540C4;
			productRefGroup = 64D044D6275DCE7F007540C4 /* Products */;
			projectDirPath = "";
			projectRoot = "";
			targets = (
				64D044D4275DCE7F007540C4 /* slots-challenge */,
				64D044E4275DCE83007540C4 /* slots-challengeTests */,
				64D044EE275DCE83007540C4 /* slots-challengeUITests */,
			);
		};
/* End PBXProject section */

/* Begin PBXResourcesBuildPhase section */
		64D044D3275DCE7F007540C4 /* Resources */ = {
			isa = PBXResourcesBuildPhase;
			buildActionMask = 2147483647;
			files = (
				64D044E0275DCE82007540C4 /* Preview Assets.xcassets in Resources */,
				64D044DD275DCE82007540C4 /* Assets.xcassets in Resources */,
			);
			runOnlyForDeploymentPostprocessing = 0;
		};
		64D044E3275DCE83007540C4 /* Resources */ = {
			isa = PBXResourcesBuildPhase;
			buildActionMask = 2147483647;
			files = (
			);
			runOnlyForDeploymentPostprocessing = 0;
		};
		64D044ED275DCE83007540C4 /* Resources */ = {
			isa = PBXResourcesBuildPhase;
			buildActionMask = 2147483647;
			files = (
			);
			runOnlyForDeploymentPostprocessing = 0;
		};
/* End PBXResourcesBuildPhase section */

/* Begin PBXSourcesBuildPhase section */
		64D044D1275DCE7F007540C4 /* Sources */ = {
			isa = PBXSourcesBuildPhase;
			buildActionMask = 2147483647;
			files = (
				64D044DB275DCE7F007540C4 /* ContentView.swift in Sources */,
				64D044D9275DCE7F007540C4 /* slots_challengeApp.swift in Sources */,
			);
			runOnlyForDeploymentPostprocessing = 0;
		};
		64D044E1275DCE83007540C4 /* Sources */ = {
			isa = PBXSourcesBuildPhase;
			buildActionMask = 2147483647;
			files = (
				64D044EA275DCE83007540C4 /* slots_challengeTests.swift in Sources */,
			);
			runOnlyForDeploymentPostprocessing = 0;
		};
		64D044EB275DCE83007540C4 /* Sources */ = {
			isa = PBXSourcesBuildPhase;
			buildActionMask = 2147483647;
			files = (
				64D044F6275DCE83007540C4 /* slots_challengeUITestsLaunchTests.swift in Sources */,
				64D044F4275DCE83007540C4 /* slots_challengeUITests.swift in Sources */,
			);
			runOnlyForDeploymentPostprocessing = 0;
		};
/* End PBXSourcesBuildPhase section */

/* Begin PBXTargetDependency section */
		64D044E7275DCE83007540C4 /* PBXTargetDependency */ = {
			isa = PBXTargetDependency;
			target = 64D044D4275DCE7F007540C4 /* slots-challenge */;
			targetProxy = 64D044E6275DCE83007540C4 /* PBXContainerItemProxy */;
		};
		64D044F1275DCE83007540C4 /* PBXTargetDependency */ = {
			isa = PBXTargetDependency;
			target = 64D044D4275DCE7F007540C4 /* slots-challenge */;
			targetProxy = 64D044F0275DCE83007540C4 /* PBXContainerItemProxy */;
		};
/* End PBXTargetDependency section */

/* Begin XCBuildConfiguration section */
		64D044F7275DCE83007540C4 /* Debug */ = {
			isa = XCBuildConfiguration;
			buildSettings = {
				ALWAYS_SEARCH_USER_PATHS = NO;
				CLANG_ANALYZER_NONNULL = YES;
				CLANG_ANALYZER_NUMBER_OBJECT_CONVERSION = YES_AGGRESSIVE;
				CLANG_CXX_LANGUAGE_STANDARD = "gnu++17";
				CLANG_CXX_LIBRARY = "libc++";
				CLANG_ENABLE_MODULES = YES;
				CLANG_ENABLE_OBJC_ARC = YES;
				CLANG_ENABLE_OBJC_WEAK = YES;
				CLANG_WARN_BLOCK_CAPTURE_AUTORELEASING = YES;
				CLANG_WARN_BOOL_CONVERSION = YES;
				CLANG_WARN_COMMA = YES;
				CLANG_WARN_CONSTANT_CONVERSION = YES;
				CLANG_WARN_DEPRECATED_OBJC_IMPLEMENTATIONS = YES;
				CLANG_WARN_DIRECT_OBJC_ISA_USAGE = YES_ERROR;
				CLANG_WARN_DOCUMENTATION_COMMENTS = YES;
				CLANG_WARN_EMPTY_BODY = YES;
				CLANG_WARN_ENUM_CONVERSION = YES;
				CLANG_WARN_INFINITE_RECURSION = YES;
				CLANG_WARN_INT_CONVERSION = YES;
				CLANG_WARN_NON_LITERAL_NULL_CONVERSION = YES;
				CLANG_WARN_OBJC_IMPLICIT_RETAIN_SELF = YES;
				CLANG_WARN_OBJC_LITERAL_CONVERSION = YES;
				CLANG_WARN_OBJC_ROOT_CLASS = YES_ERROR;
				CLANG_WARN_QUOTED_INCLUDE_IN_FRAMEWORK_HEADER = YES;
				CLANG_WARN_RANGE_LOOP_ANALYSIS = YES;
				CLANG_WARN_STRICT_PROTOTYPES = YES;
				CLANG_WARN_SUSPICIOUS_MOVE = YES;
				CLANG_WARN_UNGUARDED_AVAILABILITY = YES_AGGRESSIVE;
				CLANG_WARN_UNREACHABLE_CODE = YES;
				CLANG_WARN__DUPLICATE_METHOD_MATCH = YES;
				COPY_PHASE_STRIP = NO;
				DEBUG_INFORMATION_FORMAT = dwarf;
				ENABLE_STRICT_OBJC_MSGSEND = YES;
				ENABLE_TESTABILITY = YES;
				GCC_C_LANGUAGE_STANDARD = gnu11;
				GCC_DYNAMIC_NO_PIC = NO;
				GCC_NO_COMMON_BLOCKS = YES;
				GCC_OPTIMIZATION_LEVEL = 0;
				GCC_PREPROCESSOR_DEFINITIONS = (
					"DEBUG=1",
					"$(inherited)",
				);
				GCC_WARN_64_TO_32_BIT_CONVERSION = YES;
				GCC_WARN_ABOUT_RETURN_TYPE = YES_ERROR;
				GCC_WARN_UNDECLARED_SELECTOR = YES;
				GCC_WARN_UNINITIALIZED_AUTOS = YES_AGGRESSIVE;
				GCC_WARN_UNUSED_FUNCTION = YES;
				GCC_WARN_UNUSED_VARIABLE = YES;
				IPHONEOS_DEPLOYMENT_TARGET = 15.0;
				MTL_ENABLE_DEBUG_INFO = INCLUDE_SOURCE;
				MTL_FAST_MATH = YES;
				ONLY_ACTIVE_ARCH = YES;
				SDKROOT = iphoneos;
				SWIFT_ACTIVE_COMPILATION_CONDITIONS = DEBUG;
				SWIFT_OPTIMIZATION_LEVEL = "-Onone";
			};
			name = Debug;
		};
		64D044F8275DCE83007540C4 /* Release */ = {
			isa = XCBuildConfiguration;
			buildSettings = {
				ALWAYS_SEARCH_USER_PATHS = NO;
				CLANG_ANALYZER_NONNULL = YES;
				CLANG_ANALYZER_NUMBER_OBJECT_CONVERSION = YES_AGGRESSIVE;
				CLANG_CXX_LANGUAGE_STANDARD = "gnu++17";
				CLANG_CXX_LIBRARY = "libc++";
				CLANG_ENABLE_MODULES = YES;
				CLANG_ENABLE_OBJC_ARC = YES;
				CLANG_ENABLE_OBJC_WEAK = YES;
				CLANG_WARN_BLOCK_CAPTURE_AUTORELEASING = YES;
				CLANG_WARN_BOOL_CONVERSION = YES;
				CLANG_WARN_COMMA = YES;
				CLANG_WARN_CONSTANT_CONVERSION = YES;
				CLANG_WARN_DEPRECATED_OBJC_IMPLEMENTATIONS = YES;
				CLANG_WARN_DIRECT_OBJC_ISA_USAGE = YES_ERROR;
				CLANG_WARN_DOCUMENTATION_COMMENTS = YES;
				CLANG_WARN_EMPTY_BODY = YES;
				CLANG_WARN_ENUM_CONVERSION = YES;
				CLANG_WARN_INFINITE_RECURSION = YES;
				CLANG_WARN_INT_CONVERSION = YES;
				CLANG_WARN_NON_LITERAL_NULL_CONVERSION = YES;
				CLANG_WARN_OBJC_IMPLICIT_RETAIN_SELF = YES;
				CLANG_WARN_OBJC_LITERAL_CONVERSION = YES;
				CLANG_WARN_OBJC_ROOT_CLASS = YES_ERROR;
				CLANG_WARN_QUOTED_INCLUDE_IN_FRAMEWORK_HEADER = YES;
				CLANG_WARN_RANGE_LOOP_ANALYSIS = YES;
				CLANG_WARN_STRICT_PROTOTYPES = YES;
				CLANG_WARN_SUSPICIOUS_MOVE = YES;
				CLANG_WARN_UNGUARDED_AVAILABILITY = YES_AGGRESSIVE;
				CLANG_WARN_UNREACHABLE_CODE = YES;
				CLANG_WARN__DUPLICATE_METHOD_MATCH = YES;
				COPY_PHASE_STRIP = NO;
				DEBUG_INFORMATION_FORMAT = "dwarf-with-dsym";
				ENABLE_NS_ASSERTIONS = NO;
				ENABLE_STRICT_OBJC_MSGSEND = YES;
				GCC_C_LANGUAGE_STANDARD = gnu11;
				GCC_NO_COMMON_BLOCKS = YES;
				GCC_WARN_64_TO_32_BIT_CONVERSION = YES;
				GCC_WARN_ABOUT_RETURN_TYPE = YES_ERROR;
				GCC_WARN_UNDECLARED_SELECTOR = YES;
				GCC_WARN_UNINITIALIZED_AUTOS = YES_AGGRESSIVE;
				GCC_WARN_UNUSED_FUNCTION = YES;
				GCC_WARN_UNUSED_VARIABLE = YES;
				IPHONEOS_DEPLOYMENT_TARGET = 15.0;
				MTL_ENABLE_DEBUG_INFO = NO;
				MTL_FAST_MATH = YES;
				SDKROOT = iphoneos;
				SWIFT_COMPILATION_MODE = wholemodule;
				SWIFT_OPTIMIZATION_LEVEL = "-O";
				VALIDATE_PRODUCT = YES;
			};
			name = Release;
		};
		64D044FA275DCE83007540C4 /* Debug */ = {
			isa = XCBuildConfiguration;
			buildSettings = {
				ASSETCATALOG_COMPILER_APPICON_NAME = AppIcon;
				ASSETCATALOG_COMPILER_GLOBAL_ACCENT_COLOR_NAME = AccentColor;
				CODE_SIGN_STYLE = Automatic;
				CURRENT_PROJECT_VERSION = 1;
				DEVELOPMENT_ASSET_PATHS = "\"slots-challenge/Preview Content\"";
				ENABLE_PREVIEWS = YES;
				GENERATE_INFOPLIST_FILE = YES;
				INFOPLIST_KEY_UIApplicationSceneManifest_Generation = YES;
				INFOPLIST_KEY_UIApplicationSupportsIndirectInputEvents = YES;
				INFOPLIST_KEY_UILaunchScreen_Generation = YES;
				INFOPLIST_KEY_UISupportedInterfaceOrientations_iPad = "UIInterfaceOrientationPortrait UIInterfaceOrientationPortraitUpsideDown UIInterfaceOrientationLandscapeLeft UIInterfaceOrientationLandscapeRight";
				INFOPLIST_KEY_UISupportedInterfaceOrientations_iPhone = "UIInterfaceOrientationPortrait UIInterfaceOrientationLandscapeLeft UIInterfaceOrientationLandscapeRight";
				LD_RUNPATH_SEARCH_PATHS = (
					"$(inherited)",
					"@executable_path/Frameworks",
				);
				MARKETING_VERSION = 1.0;
				PRODUCT_BUNDLE_IDENTIFIER = "test.slots-challenge";
				PRODUCT_NAME = "$(TARGET_NAME)";
				SWIFT_EMIT_LOC_STRINGS = YES;
				SWIFT_VERSION = 5.0;
				TARGETED_DEVICE_FAMILY = "1,2";
			};
			name = Debug;
		};
		64D044FB275DCE83007540C4 /* Release */ = {
			isa = XCBuildConfiguration;
			buildSettings = {
				ASSETCATALOG_COMPILER_APPICON_NAME = AppIcon;
				ASSETCATALOG_COMPILER_GLOBAL_ACCENT_COLOR_NAME = AccentColor;
				CODE_SIGN_STYLE = Automatic;
				CURRENT_PROJECT_VERSION = 1;
				DEVELOPMENT_ASSET_PATHS = "\"slots-challenge/Preview Content\"";
				ENABLE_PREVIEWS = YES;
				GENERATE_INFOPLIST_FILE = YES;
				INFOPLIST_KEY_UIApplicationSceneManifest_Generation = YES;
				INFOPLIST_KEY_UIApplicationSupportsIndirectInputEvents = YES;
				INFOPLIST_KEY_UILaunchScreen_Generation = YES;
				INFOPLIST_KEY_UISupportedInterfaceOrientations_iPad = "UIInterfaceOrientationPortrait UIInterfaceOrientationPortraitUpsideDown UIInterfaceOrientationLandscapeLeft UIInterfaceOrientationLandscapeRight";
				INFOPLIST_KEY_UISupportedInterfaceOrientations_iPhone = "UIInterfaceOrientationPortrait UIInterfaceOrientationLandscapeLeft UIInterfaceOrientationLandscapeRight";
				LD_RUNPATH_SEARCH_PATHS = (
					"$(inherited)",
					"@executable_path/Frameworks",
				);
				MARKETING_VERSION = 1.0;
				PRODUCT_BUNDLE_IDENTIFIER = "test.slots-challenge";
				PRODUCT_NAME = "$(TARGET_NAME)";
				SWIFT_EMIT_LOC_STRINGS = YES;
				SWIFT_VERSION = 5.0;
				TARGETED_DEVICE_FAMILY = "1,2";
			};
			name = Release;
		};
		64D044FD275DCE83007540C4 /* Debug */ = {
			isa = XCBuildConfiguration;
			buildSettings = {
				ALWAYS_EMBED_SWIFT_STANDARD_LIBRARIES = YES;
				BUNDLE_LOADER = "$(TEST_HOST)";
				CODE_SIGN_STYLE = Automatic;
				CURRENT_PROJECT_VERSION = 1;
				GENERATE_INFOPLIST_FILE = YES;
				IPHONEOS_DEPLOYMENT_TARGET = 15.0;
				LD_RUNPATH_SEARCH_PATHS = (
					"$(inherited)",
					"@executable_path/Frameworks",
					"@loader_path/Frameworks",
				);
				MARKETING_VERSION = 1.0;
				PRODUCT_BUNDLE_IDENTIFIER = "test.slots-challengeTests";
				PRODUCT_NAME = "$(TARGET_NAME)";
				SWIFT_EMIT_LOC_STRINGS = NO;
				SWIFT_VERSION = 5.0;
				TARGETED_DEVICE_FAMILY = "1,2";
				TEST_HOST = "$(BUILT_PRODUCTS_DIR)/slots-challenge.app/slots-challenge";
			};
			name = Debug;
		};
		64D044FE275DCE83007540C4 /* Release */ = {
			isa = XCBuildConfiguration;
			buildSettings = {
				ALWAYS_EMBED_SWIFT_STANDARD_LIBRARIES = YES;
				BUNDLE_LOADER = "$(TEST_HOST)";
				CODE_SIGN_STYLE = Automatic;
				CURRENT_PROJECT_VERSION = 1;
				GENERATE_INFOPLIST_FILE = YES;
				IPHONEOS_DEPLOYMENT_TARGET = 15.0;
				LD_RUNPATH_SEARCH_PATHS = (
					"$(inherited)",
					"@executable_path/Frameworks",
					"@loader_path/Frameworks",
				);
				MARKETING_VERSION = 1.0;
				PRODUCT_BUNDLE_IDENTIFIER = "test.slots-challengeTests";
				PRODUCT_NAME = "$(TARGET_NAME)";
				SWIFT_EMIT_LOC_STRINGS = NO;
				SWIFT_VERSION = 5.0;
				TARGETED_DEVICE_FAMILY = "1,2";
				TEST_HOST = "$(BUILT_PRODUCTS_DIR)/slots-challenge.app/slots-challenge";
			};
			name = Release;
		};
		64D04500275DCE83007540C4 /* Debug */ = {
			isa = XCBuildConfiguration;
			buildSettings = {
				ALWAYS_EMBED_SWIFT_STANDARD_LIBRARIES = YES;
				CODE_SIGN_STYLE = Automatic;
				CURRENT_PROJECT_VERSION = 1;
				GENERATE_INFOPLIST_FILE = YES;
				LD_RUNPATH_SEARCH_PATHS = (
					"$(inherited)",
					"@executable_path/Frameworks",
					"@loader_path/Frameworks",
				);
				MARKETING_VERSION = 1.0;
				PRODUCT_BUNDLE_IDENTIFIER = "test.slots-challengeUITests";
				PRODUCT_NAME = "$(TARGET_NAME)";
				SWIFT_EMIT_LOC_STRINGS = NO;
				SWIFT_VERSION = 5.0;
				TARGETED_DEVICE_FAMILY = "1,2";
				TEST_TARGET_NAME = "slots-challenge";
			};
			name = Debug;
		};
		64D04501275DCE83007540C4 /* Release */ = {
			isa = XCBuildConfiguration;
			buildSettings = {
				ALWAYS_EMBED_SWIFT_STANDARD_LIBRARIES = YES;
				CODE_SIGN_STYLE = Automatic;
				CURRENT_PROJECT_VERSION = 1;
				GENERATE_INFOPLIST_FILE = YES;
				LD_RUNPATH_SEARCH_PATHS = (
					"$(inherited)",
					"@executable_path/Frameworks",
					"@loader_path/Frameworks",
				);
				MARKETING_VERSION = 1.0;
				PRODUCT_BUNDLE_IDENTIFIER = "test.slots-challengeUITests";
				PRODUCT_NAME = "$(TARGET_NAME)";
				SWIFT_EMIT_LOC_STRINGS = NO;
				SWIFT_VERSION = 5.0;
				TARGETED_DEVICE_FAMILY = "1,2";
				TEST_TARGET_NAME = "slots-challenge";
			};
			name = Release;
		};
/* End XCBuildConfiguration section */

/* Begin XCConfigurationList section */
		64D044D0275DCE7F007540C4 /* Build configuration list for PBXProject "slots-challenge" */ = {
			isa = XCConfigurationList;
			buildConfigurations = (
				64D044F7275DCE83007540C4 /* Debug */,
				64D044F8275DCE83007540C4 /* Release */,
			);
			defaultConfigurationIsVisible = 0;
			defaultConfigurationName = Release;
		};
		64D044F9275DCE83007540C4 /* Build configuration list for PBXNativeTarget "slots-challenge" */ = {
			isa = XCConfigurationList;
			buildConfigurations = (
				64D044FA275DCE83007540C4 /* Debug */,
				64D044FB275DCE83007540C4 /* Release */,
			);
			defaultConfigurationIsVisible = 0;
			defaultConfigurationName = Release;
		};
		64D044FC275DCE83007540C4 /* Build configuration list for PBXNativeTarget "slots-challengeTests" */ = {
			isa = XCConfigurationList;
			buildConfigurations = (
				64D044FD275DCE83007540C4 /* Debug */,
				64D044FE275DCE83007540C4 /* Release */,
			);
			defaultConfigurationIsVisible = 0;
			defaultConfigurationName = Release;
		};
		64D044FF275DCE83007540C4 /* Build configuration list for PBXNativeTarget "slots-challengeUITests" */ = {
			isa = XCConfigurationList;
			buildConfigurations = (
				64D04500275DCE83007540C4 /* Debug */,
				64D04501275DCE83007540C4 /* Release */,
			);
			defaultConfigurationIsVisible = 0;
			defaultConfigurationName = Release;
		};
/* End XCConfigurationList section */
	};
	rootObject = 64D044CD275DCE7F007540C4 /* Project object */;
}
